
Microsoft Visual Studio Solution File, Format Version 12.00
# Visual Studio Version 17
VisualStudioVersion = 17.13.35806.99 d17.13
MinimumVisualStudioVersion = 10.0.40219.1
Project("{FAE04EC0-301F-11D3-BF4B-00C04F79EFBC}") = "TodoApi", "TodoApi\TodoApi.csproj", "{6D73CCCD-C2AF-4813-B3A8-AB2CE251C93E}"
EndProject
Global
	GlobalSection(SolutionConfigurationPlatforms) = preSolution
		Debug|Any CPU = Debug|Any CPU
		Release|Any CPU = Release|Any CPU
	EndGlobalSection
	GlobalSection(ProjectConfigurationPlatforms) = postSolution
		{6D73CCCD-C2AF-4813-B3A8-AB2CE251C93E}.Debug|Any CPU.ActiveCfg = Debug|Any CPU
		{6D73CCCD-C2AF-4813-B3A8-AB2CE251C93E}.Debug|Any CPU.Build.0 = Debug|Any CPU
		{6D73CCCD-C2AF-4813-B3A8-AB2CE251C93E}.Release|Any CPU.ActiveCfg = Release|Any CPU
		{6D73CCCD-C2AF-4813-B3A8-AB2CE251C93E}.Release|Any CPU.Build.0 = Release|Any CPU
	EndGlobalSection
	GlobalSection(SolutionProperties) = preSolution
		HideSolutionNode = FALSE
	EndGlobalSection
	GlobalSection(ExtensibilityGlobals) = postSolution
		SolutionGuid = {C5E84A19-2CD4-49AA-9E4E-B12405146100}
	EndGlobalSection
EndGlobal
